PODS:
  - Capacitor (8.5.2):
    - CapacitorCordova
  - CapacitorCordova (8.5.2)
  - CapacitorStatusBar (8.0.4):
    - Capacitor

DEPENDENCIES:
  - "Capacitor (from `../../node_modules/@capacitor/ios`)"
  - "CapacitorCordova (from `../../node_modules/@capacitor/ios`)"
  - "CapacitorStatusBar (from `../../node_modules/@capacitor/status-bar`)"

EXTERNAL SOURCES:
  Capacitor:
    :path: "../../node_modules/@capacitor/ios"
  CapacitorCordova:
    :path: "../../node_modules/@capacitor/ios"
  CapacitorStatusBar:
    :path: "../../node_modules/@capacitor/status-bar"

SPEC CHECKSUMS:
  Capacitor: 89067779e14fb7ea56af07b4817f45d1f0c2a269
  CapacitorCordova: 5bec5648cbd09a176ce34ce5e7b6cdabb2c8a327
  CapacitorStatusBar: ff844df1f126da6c4fbc4028272425fa3a91e7e3

PODFILE CHECKSUM: ac6ee68a7697e9a04938332b6e56bb9fed834041

COCOAPODS: 1.17.0
